
Microsoft Visual Studio Solution File, Format Version 11.00
# Visual Studio 2010
Project("{FAE04EC0-301F-11D3-BF4B-00C04F79EFBC}") = "objectified-solutions", "objectified-solutions\objectified-solutions.csproj", "{BE70F42E-B2FC-4B2E-A839-7190117CD047}"
EndProject
Global
	GlobalSection(SolutionConfigurationPlatforms) = preSolution
		Debug|Any CPU = Debug|Any CPU
		Release|Any CPU = Release|Any CPU
	EndGlobalSection
	GlobalSection(ProjectConfigurationPlatforms) = postSolution
		{BE70F42E-B2FC-4B2E-A839-7190117CD047}.Debug|Any CPU.ActiveCfg = Debug|Any CPU
		{BE70F42E-B2FC-4B2E-A839-7190117CD047}.Debug|Any CPU.Build.0 = Debug|Any CPU
		{BE70F42E-B2FC-4B2E-A839-7190117CD047}.Release|Any CPU.ActiveCfg = Release|Any CPU
		{BE70F42E-B2FC-4B2E-A839-7190117CD047}.Release|Any CPU.Build.0 = Release|Any CPU
	EndGlobalSection
	GlobalSection(SolutionProperties) = preSolution
		HideSolutionNode = FALSE
	EndGlobalSection
EndGlobal
